
Microsoft Visual Studio Solution File, Format Version 12.00
# Visual Studio 15
VisualStudioVersion = 15.0.28307.1022
MinimumVisualStudioVersion = 10.0.40219.1
Project("{FAE04EC0-301F-11D3-BF4B-00C04F79EFBC}") = "Тетрис", "Тетрис\Тетрис.csproj", "{4084F9F1-7AE0-46EE-96B4-D71F58350639}"
EndProject
Global
	GlobalSection(SolutionConfigurationPlatforms) = preSolution
		Debug|Any CPU = Debug|Any CPU
		Release|Any CPU = Release|Any CPU
	EndGlobalSection
	GlobalSection(ProjectConfigurationPlatforms) = postSolution
		{4084F9F1-7AE0-46EE-96B4-D71F58350639}.Debug|Any CPU.ActiveCfg = Debug|Any CPU
		{4084F9F1-7AE0-46EE-96B4-D71F58350639}.Debug|Any CPU.Build.0 = Debug|Any CPU
		{4084F9F1-7AE0-46EE-96B4-D71F58350639}.Release|Any CPU.ActiveCfg = Release|Any CPU
		{4084F9F1-7AE0-46EE-96B4-D71F58350639}.Release|Any CPU.Build.0 = Release|Any CPU
	EndGlobalSection
	GlobalSection(SolutionProperties) = preSolution
		HideSolutionNode = FALSE
	EndGlobalSection
	GlobalSection(ExtensibilityGlobals) = postSolution
		SolutionGuid = {16FC1389-B0B3-4F6C-9BB3-5920D4274ED2}
	EndGlobalSection
EndGlobal
